
Microsoft Visual Studio Solution File, Format Version 12.00
# Visual Studio Version 17
VisualStudioVersion = 17.3.32819.101
MinimumVisualStudioVersion = 10.0.40219.1
Project("{FAE04EC0-301F-11D3-BF4B-00C04F79EFBC}") = "AudioPlayingBlazorServer", "AudioPlayingBlazorServer\AudioPlayingBlazorServer.csproj", "{891FF30E-6F48-4464-9C14-2A8D76B6D885}"
EndProject
Global
	GlobalSection(SolutionConfigurationPlatforms) = preSolution
		Debug|Any CPU = Debug|Any CPU
		Release|Any CPU = Release|Any CPU
	EndGlobalSection
	GlobalSection(ProjectConfigurationPlatforms) = postSolution
		{891FF30E-6F48-4464-9C14-2A8D76B6D885}.Debug|Any CPU.ActiveCfg = Debug|Any CPU
		{891FF30E-6F48-4464-9C14-2A8D76B6D885}.Debug|Any CPU.Build.0 = Debug|Any CPU
		{891FF30E-6F48-4464-9C14-2A8D76B6D885}.Release|Any CPU.ActiveCfg = Release|Any CPU
		{891FF30E-6F48-4464-9C14-2A8D76B6D885}.Release|Any CPU.Build.0 = Release|Any CPU
	EndGlobalSection
	GlobalSection(SolutionProperties) = preSolution
		HideSolutionNode = FALSE
	EndGlobalSection
	GlobalSection(ExtensibilityGlobals) = postSolution
		SolutionGuid = {EE70CD55-58BD-4003-88FB-BB3548C0AA85}
	EndGlobalSection
EndGlobal
